
Microsoft Visual Studio Solution File, Format Version 12.00
# Visual Studio Version 17
VisualStudioVersion = 17.9.34728.123
MinimumVisualStudioVersion = 10.0.40219.1
Project("{FAE04EC0-301F-11D3-BF4B-00C04F79EFBC}") = "Paradigma.Tarefa1.Tests", "Paradigma.Tarefa1.Tests\Paradigma.Tarefa1.Tests.csproj", "{1BEC158A-FE12-46A0-A5D8-057EFB89F9CC}"
EndProject
Project("{FAE04EC0-301F-11D3-BF4B-00C04F79EFBC}") = "Paradigma.Tarefa1", "Paradigma.Tarefa1\Paradigma.Tarefa1.csproj", "{84960AA1-59FA-4A5A-A748-A61CAD7C5F0A}"
EndProject
Global
	GlobalSection(SolutionConfigurationPlatforms) = preSolution
		Debug|Any CPU = Debug|Any CPU
		Release|Any CPU = Release|Any CPU
	EndGlobalSection
	GlobalSection(ProjectConfigurationPlatforms) = postSolution
		{1BEC158A-FE12-46A0-A5D8-057EFB89F9CC}.Debug|Any CPU.ActiveCfg = Debug|Any CPU
		{1BEC158A-FE12-46A0-A5D8-057EFB89F9CC}.Debug|Any CPU.Build.0 = Debug|Any CPU
		{1BEC158A-FE12-46A0-A5D8-057EFB89F9CC}.Release|Any CPU.ActiveCfg = Release|Any CPU
		{1BEC158A-FE12-46A0-A5D8-057EFB89F9CC}.Release|Any CPU.Build.0 = Release|Any CPU
		{84960AA1-59FA-4A5A-A748-A61CAD7C5F0A}.Debug|Any CPU.ActiveCfg = Debug|Any CPU
		{84960AA1-59FA-4A5A-A748-A61CAD7C5F0A}.Debug|Any CPU.Build.0 = Debug|Any CPU
		{84960AA1-59FA-4A5A-A748-A61CAD7C5F0A}.Release|Any CPU.ActiveCfg = Release|Any CPU
		{84960AA1-59FA-4A5A-A748-A61CAD7C5F0A}.Release|Any CPU.Build.0 = Release|Any CPU
	EndGlobalSection
	GlobalSection(SolutionProperties) = preSolution
		HideSolutionNode = FALSE
	EndGlobalSection
	GlobalSection(ExtensibilityGlobals) = postSolution
		SolutionGuid = {4E7145ED-98FC-4363-93DA-86BFECB2090C}
	EndGlobalSection
EndGlobal
